
Microsoft Visual Studio Solution File, Format Version 12.00
# Visual Studio Version 16
VisualStudioVersion = 16.0.30225.117
MinimumVisualStudioVersion = 10.0.40219.1
Project("{FAE04EC0-301F-11D3-BF4B-00C04F79EFBC}") = "Lorai", "Lorai\Lorai.csproj", "{B7566228-43DE-481F-ACAF-79D2ADD92604}"
EndProject
Global
	GlobalSection(SolutionConfigurationPlatforms) = preSolution
		Debug|Any CPU = Debug|Any CPU
		Release|Any CPU = Release|Any CPU
	EndGlobalSection
	GlobalSection(ProjectConfigurationPlatforms) = postSolution
		{B7566228-43DE-481F-ACAF-79D2ADD92604}.Debug|Any CPU.ActiveCfg = Debug|Any CPU
		{B7566228-43DE-481F-ACAF-79D2ADD92604}.Debug|Any CPU.Build.0 = Debug|Any CPU
		{B7566228-43DE-481F-ACAF-79D2ADD92604}.Release|Any CPU.ActiveCfg = Release|Any CPU
		{B7566228-43DE-481F-ACAF-79D2ADD92604}.Release|Any CPU.Build.0 = Release|Any CPU
	EndGlobalSection
	GlobalSection(SolutionProperties) = preSolution
		HideSolutionNode = FALSE
	EndGlobalSection
	GlobalSection(ExtensibilityGlobals) = postSolution
		SolutionGuid = {B1AAD210-D429-443C-BB4D-E1426C661307}
	EndGlobalSection
EndGlobal
